{
  "name": "rasp24",
  "version": "1.0.0",
  "lockfileVersion": 2,
  "requires": true,
  "packages": {
    "": {
      "name": "rasp24",
      "version": "1.0.0",
      "hasInstallScript": true,
      "license": "ISC",
      "dependencies": {
        "autosuggest-highlight": "^3.3.4"
      }
    },
    "node_modules/autosuggest-highlight": {
      "version": "3.3.4",
      "resolved": "https://registry.npmjs.org/autosuggest-highlight/-/autosuggest-highlight-3.3.4.tgz",
      "integrity": "sha512-j6RETBD2xYnrVcoV1S5R4t3WxOlWZKyDQjkwnggDPSjF5L4jV98ZltBpvPvbkM1HtoSe5o+bNrTHyjPbieGeYA==",
      "dependencies": {
        "remove-accents": "^0.4.2"
      }
    },
    "node_modules/remove-accents": {
      "version": "0.4.4",
      "resolved": "https://registry.npmjs.org/remove-accents/-/remove-accents-0.4.4.tgz",
      "integrity": "sha512-EpFcOa/ISetVHEXqu+VwI96KZBmq+a8LJnGkaeFw45epGlxIZz5dhEEnNZMsQXgORu3qaMoLX4qJCzOik6ytAg=="
    }
  },
  "dependencies": {
    "autosuggest-highlight": {
      "version": "3.3.4",
      "resolved": "https://registry.npmjs.org/autosuggest-highlight/-/autosuggest-highlight-3.3.4.tgz",
      "integrity": "sha512-j6RETBD2xYnrVcoV1S5R4t3WxOlWZKyDQjkwnggDPSjF5L4jV98ZltBpvPvbkM1HtoSe5o+bNrTHyjPbieGeYA==",
      "requires": {
        "remove-accents": "^0.4.2"
      }
    },
    "remove-accents": {
      "version": "0.4.4",
      "resolved": "https://registry.npmjs.org/remove-accents/-/remove-accents-0.4.4.tgz",
      "integrity": "sha512-EpFcOa/ISetVHEXqu+VwI96KZBmq+a8LJnGkaeFw45epGlxIZz5dhEEnNZMsQXgORu3qaMoLX4qJCzOik6ytAg=="
    }
  }
}
